// !$*UTF8*$!
{
	archiveVersion = 1;
	classes = {
	};
	objectVersion = 55;
	objects = {

/* Begin PBXBuildFile section */
		D82344F82820F9830032E751 /* BillSplitterApp.swift in Sources */ = {isa = PBXBuildFile; fileRef = D82344F72820F9830032E751 /* BillSplitterApp.swift */; };
		D82344FA2820F9830032E751 /* ContentView.swift in Sources */ = {isa = PBXBuildFile; fileRef = D82344F92820F9830032E751 /* ContentView.swift */; };
		D82344FC2820F9850032E751 /* Assets.xcassets in Resources */ = {isa = PBXBuildFile; fileRef = D82344FB2820F9850032E751 /* Assets.xcassets */; };
		D82344FF2820F9850032E751 /* Preview Assets.xcassets in Resources */ = {isa = PBXBuildFile; fileRef = D82344FE2820F9850032E751 /* Preview Assets.xcassets */; };
		D82345092820F9850032E751 /* BillSplitterTests.swift in Sources */ = {isa = PBXBuildFile; fileRef = D82345082820F9850032E751 /* BillSplitterTests.swift */; };
		D82345132820F9850032E751 /* BillSplitterUITests.swift in Sources */ = {isa = PBXBuildFile; fileRef = D82345122820F9850032E751 /* BillSplitterUITests.swift */; };
		D82345152820F9850032E751 /* BillSplitterUITestsLaunchTests.swift in Sources */ = {isa = PBXBuildFile; fileRef = D82345142820F9850032E751 /* BillSplitterUITestsLaunchTests.swift */; };
		D82345252820FC340032E751 /* ItemDetailView.swift in Sources */ = {isa = PBXBuildFile; fileRef = D82345242820FC340032E751 /* ItemDetailView.swift */; };
		D82345272820FCA30032E751 /* BillItem.swift in Sources */ = {isa = PBXBuildFile; fileRef = D82345262820FCA30032E751 /* BillItem.swift */; };
		D82345292820FDD10032E751 /* Participant.swift in Sources */ = {isa = PBXBuildFile; fileRef = D82345282820FDD10032E751 /* Participant.swift */; };
		D823452B282100F00032E751 /* Cost.swift in Sources */ = {isa = PBXBuildFile; fileRef = D823452A282100F00032E751 /* Cost.swift */; };
/* End PBXBuildFile section */

/* Begin PBXContainerItemProxy section */
		D82345052820F9850032E751 /* PBXContainerItemProxy */ = {
			isa = PBXContainerItemProxy;
			containerPortal = D82344EC2820F9830032E751 /* Project object */;
			proxyType = 1;
			remoteGlobalIDString = D82344F32820F9830032E751;
			remoteInfo = BillSplitter;
		};
		D823450F2820F9850032E751 /* PBXContainerItemProxy */ = {
			isa = PBXContainerItemProxy;
			containerPortal = D82344EC2820F9830032E751 /* Project object */;
			proxyType = 1;
			remoteGlobalIDString = D82344F32820F9830032E751;
			remoteInfo = BillSplitter;
		};
/* End PBXContainerItemProxy section */

/* Begin PBXFileReference section */
		D82344F42820F9830032E751 /* BillSplitter.app */ = {isa = PBXFileReference; explicitFileType = wrapper.application; includeInIndex = 0; path = BillSplitter.app; sourceTree = BUILT_PRODUCTS_DIR; };
		D82344F72820F9830032E751 /* BillSplitterApp.swift */ = {isa = PBXFileReference; lastKnownFileType = sourcecode.swift; path = BillSplitterApp.swift; sourceTree = "<group>"; };
		D82344F92820F9830032E751 /* ContentView.swift */ = {isa = PBXFileReference; lastKnownFileType = sourcecode.swift; path = ContentView.swift; sourceTree = "<group>"; };
		D82344FB2820F9850032E751 /* Assets.xcassets */ = {isa = PBXFileReference; lastKnownFileType = folder.assetcatalog; path = Assets.xcassets; sourceTree = "<group>"; };
		D82344FE2820F9850032E751 /* Preview Assets.xcassets */ = {isa = PBXFileReference; lastKnownFileType = folder.assetcatalog; path = "Preview Assets.xcassets"; sourceTree = "<group>"; };
		D82345042820F9850032E751 /* BillSplitterTests.xctest */ = {isa = PBXFileReference; explicitFileType = wrapper.cfbundle; includeInIndex = 0; path = BillSplitterTests.xctest; sourceTree = BUILT_PRODUCTS_DIR; };
		D82345082820F9850032E751 /* BillSplitterTests.swift */ = {isa = PBXFileReference; lastKnownFileType = sourcecode.swift; path = BillSplitterTests.swift; sourceTree = "<group>"; };
		D823450E2820F9850032E751 /* BillSplitterUITests.xctest */ = {isa = PBXFileReference; explicitFileType = wrapper.cfbundle; includeInIndex = 0; path = BillSplitterUITests.xctest; sourceTree = BUILT_PRODUCTS_DIR; };
		D82345122820F9850032E751 /* BillSplitterUITests.swift */ = {isa = PBXFileReference; lastKnownFileType = sourcecode.swift; path = BillSplitterUITests.swift; sourceTree = "<group>"; };
		D82345142820F9850032E751 /* BillSplitterUITestsLaunchTests.swift */ = {isa = PBXFileReference; lastKnownFileType = sourcecode.swift; path = BillSplitterUITestsLaunchTests.swift; sourceTree = "<group>"; };
		D82345242820FC340032E751 /* ItemDetailView.swift */ = {isa = PBXFileReference; lastKnownFileType = sourcecode.swift; path = ItemDetailView.swift; sourceTree = "<group>"; };
		D82345262820FCA30032E751 /* BillItem.swift */ = {isa = PBXFileReference; lastKnownFileType = sourcecode.swift; path = BillItem.swift; sourceTree = "<group>"; };
		D82345282820FDD10032E751 /* Participant.swift */ = {isa = PBXFileReference; lastKnownFileType = sourcecode.swift; path = Participant.swift; sourceTree = "<group>"; };
		D823452A282100F00032E751 /* Cost.swift */ = {isa = PBXFileReference; lastKnownFileType = sourcecode.swift; path = Cost.swift; sourceTree = "<group>"; };
/* End PBXFileReference section */

/* Begin PBXFrameworksBuildPhase section */
		D82344F12820F9830032E751 /* Frameworks */ = {
			isa = PBXFrameworksBuildPhase;
			buildActionMask = 2147483647;
			files = (
			);
			runOnlyForDeploymentPostprocessing = 0;
		};
		D82345012820F9850032E751 /* Frameworks */ = {
			isa = PBXFrameworksBuildPhase;
			buildActionMask = 2147483647;
			files = (
			);
			runOnlyForDeploymentPostprocessing = 0;
		};
		D823450B2820F9850032E751 /* Frameworks */ = {
			isa = PBXFrameworksBuildPhase;
			buildActionMask = 2147483647;
			files = (
			);
			runOnlyForDeploymentPostprocessing = 0;
		};
/* End PBXFrameworksBuildPhase section */

/* Begin PBXGroup section */
		D82344EB2820F9830032E751 = {
			isa = PBXGroup;
			children = (
				D82344F62820F9830032E751 /* BillSplitter */,
				D82345072820F9850032E751 /* BillSplitterTests */,
				D82345112820F9850032E751 /* BillSplitterUITests */,
				D82344F52820F9830032E751 /* Products */,
			);
			sourceTree = "<group>";
		};
		D82344F52820F9830032E751 /* Products */ = {
			isa = PBXGroup;
			children = (
				D82344F42820F9830032E751 /* BillSplitter.app */,
				D82345042820F9850032E751 /* BillSplitterTests.xctest */,
				D823450E2820F9850032E751 /* BillSplitterUITests.xctest */,
			);
			name = Products;
			sourceTree = "<group>";
		};
		D82344F62820F9830032E751 /* BillSplitter */ = {
			isa = PBXGroup;
			children = (
				D82345212820F9F90032E751 /* Core */,
				D82344F72820F9830032E751 /* BillSplitterApp.swift */,
				D82344F92820F9830032E751 /* ContentView.swift */,
				D82344FB2820F9850032E751 /* Assets.xcassets */,
				D82344FD2820F9850032E751 /* Preview Content */,
			);
			path = BillSplitter;
			sourceTree = "<group>";
		};
		D82344FD2820F9850032E751 /* Preview Content */ = {
			isa = PBXGroup;
			children = (
				D82344FE2820F9850032E751 /* Preview Assets.xcassets */,
			);
			path = "Preview Content";
			sourceTree = "<group>";
		};
		D82345072820F9850032E751 /* BillSplitterTests */ = {
			isa = PBXGroup;
			children = (
				D82345082820F9850032E751 /* BillSplitterTests.swift */,
			);
			path = BillSplitterTests;
			sourceTree = "<group>";
		};
		D82345112820F9850032E751 /* BillSplitterUITests */ = {
			isa = PBXGroup;
			children = (
				D82345122820F9850032E751 /* BillSplitterUITests.swift */,
				D82345142820F9850032E751 /* BillSplitterUITestsLaunchTests.swift */,
			);
			path = BillSplitterUITests;
			sourceTree = "<group>";
		};
		D82345212820F9F90032E751 /* Core */ = {
			isa = PBXGroup;
			children = (
				D82345232820FA1D0032E751 /* View */,
				D82345222820FA100032E751 /* Model */,
			);
			path = Core;
			sourceTree = "<group>";
		};
		D82345222820FA100032E751 /* Model */ = {
			isa = PBXGroup;
			children = (
				D82345262820FCA30032E751 /* BillItem.swift */,
				D82345282820FDD10032E751 /* Participant.swift */,
				D823452A282100F00032E751 /* Cost.swift */,
			);
			path = Model;
			sourceTree = "<group>";
		};
		D82345232820FA1D0032E751 /* View */ = {
			isa = PBXGroup;
			children = (
				D82345242820FC340032E751 /* ItemDetailView.swift */,
			);
			path = View;
			sourceTree = "<group>";
		};
/* End PBXGroup section */

/* Begin PBXNativeTarget section */
		D82344F32820F9830032E751 /* BillSplitter */ = {
			isa = PBXNativeTarget;
			buildConfigurationList = D82345182820F9850032E751 /* Build configuration list for PBXNativeTarget "BillSplitter" */;
			buildPhases = (
				D82344F02820F9830032E751 /* Sources */,
				D82344F12820F9830032E751 /* Frameworks */,
				D82344F22820F9830032E751 /* Resources */,
			);
			buildRules = (
			);
			dependencies = (
			);
			name = BillSplitter;
			productName = BillSplitter;
			productReference = D82344F42820F9830032E751 /* BillSplitter.app */;
			productType = "com.apple.product-type.application";
		};
		D82345032820F9850032E751 /* BillSplitterTests */ = {
			isa = PBXNativeTarget;
			buildConfigurationList = D823451B2820F9850032E751 /* Build configuration list for PBXNativeTarget "BillSplitterTests" */;
			buildPhases = (
				D82345002820F9850032E751 /* Sources */,
				D82345012820F9850032E751 /* Frameworks */,
				D82345022820F9850032E751 /* Resources */,
			);
			buildRules = (
			);
			dependencies = (
				D82345062820F9850032E751 /* PBXTargetDependency */,
			);
			name = BillSplitterTests;
			productName = BillSplitterTests;
			productReference = D82345042820F9850032E751 /* BillSplitterTests.xctest */;
			productType = "com.apple.product-type.bundle.unit-test";
		};
		D823450D2820F9850032E751 /* BillSplitterUITests */ = {
			isa = PBXNativeTarget;
			buildConfigurationList = D823451E2820F9850032E751 /* Build configuration list for PBXNativeTarget "BillSplitterUITests" */;
			buildPhases = (
				D823450A2820F9850032E751 /* Sources */,
				D823450B2820F9850032E751 /* Frameworks */,
				D823450C2820F9850032E751 /* Resources */,
			);
			buildRules = (
			);
			dependencies = (
				D82345102820F9850032E751 /* PBXTargetDependency */,
			);
			name = BillSplitterUITests;
			productName = BillSplitterUITests;
			productReference = D823450E2820F9850032E751 /* BillSplitterUITests.xctest */;
			productType = "com.apple.product-type.bundle.ui-testing";
		};
/* End PBXNativeTarget section */

/* Begin PBXProject section */
		D82344EC2820F9830032E751 /* Project object */ = {
			isa = PBXProject;
			attributes = {
				BuildIndependentTargetsInParallel = 1;
				LastSwiftUpdateCheck = 1330;
				LastUpgradeCheck = 1330;
				TargetAttributes = {
					D82344F32820F9830032E751 = {
						CreatedOnToolsVersion = 13.3.1;
					};
					D82345032820F9850032E751 = {
						CreatedOnToolsVersion = 13.3.1;
						TestTargetID = D82344F32820F9830032E751;
					};
					D823450D2820F9850032E751 = {
						CreatedOnToolsVersion = 13.3.1;
						TestTargetID = D82344F32820F9830032E751;
					};
				};
			};
			buildConfigurationList = D82344EF2820F9830032E751 /* Build configuration list for PBXProject "BillSplitter" */;
			compatibilityVersion = "Xcode 13.0";
			developmentRegion = en;
			hasScannedForEncodings = 0;
			knownRegions = (
				en,
				Base,
			);
			mainGroup = D82344EB2820F9830032E751;
			productRefGroup = D82344F52820F9830032E751 /* Products */;
			projectDirPath = "";
			projectRoot = "";
			targets = (
				D82344F32820F9830032E751 /* BillSplitter */,
				D82345032820F9850032E751 /* BillSplitterTests */,
				D823450D2820F9850032E751 /* BillSplitterUITests */,
			);
		};
/* End PBXProject section */

/* Begin PBXResourcesBuildPhase section */
		D82344F22820F9830032E751 /* Resources */ = {
			isa = PBXResourcesBuildPhase;
			buildActionMask = 2147483647;
			files = (
				D82344FF2820F9850032E751 /* Preview Assets.xcassets in Resources */,
				D82344FC2820F9850032E751 /* Assets.xcassets in Resources */,
			);
			runOnlyForDeploymentPostprocessing = 0;
		};
		D82345022820F9850032E751 /* Resources */ = {
			isa = PBXResourcesBuildPhase;
			buildActionMask = 2147483647;
			files = (
			);
			runOnlyForDeploymentPostprocessing = 0;
		};
		D823450C2820F9850032E751 /* Resources */ = {
			isa = PBXResourcesBuildPhase;
			buildActionMask = 2147483647;
			files = (
			);
			runOnlyForDeploymentPostprocessing = 0;
		};
/* End PBXResourcesBuildPhase section */

/* Begin PBXSourcesBuildPhase section */
		D82344F02820F9830032E751 /* Sources */ = {
			isa = PBXSourcesBuildPhase;
			buildActionMask = 2147483647;
			files = (
				D823452B282100F00032E751 /* Cost.swift in Sources */,
				D82344FA2820F9830032E751 /* ContentView.swift in Sources */,
				D82344F82820F9830032E751 /* BillSplitterApp.swift in Sources */,
				D82345292820FDD10032E751 /* Participant.swift in Sources */,
				D82345252820FC340032E751 /* ItemDetailView.swift in Sources */,
				D82345272820FCA30032E751 /* BillItem.swift in Sources */,
			);
			runOnlyForDeploymentPostprocessing = 0;
		};
		D82345002820F9850032E751 /* Sources */ = {
			isa = PBXSourcesBuildPhase;
			buildActionMask = 2147483647;
			files = (
				D82345092820F9850032E751 /* BillSplitterTests.swift in Sources */,
			);
			runOnlyForDeploymentPostprocessing = 0;
		};
		D823450A2820F9850032E751 /* Sources */ = {
			isa = PBXSourcesBuildPhase;
			buildActionMask = 2147483647;
			files = (
				D82345152820F9850032E751 /* BillSplitterUITestsLaunchTests.swift in Sources */,
				D82345132820F9850032E751 /* BillSplitterUITests.swift in Sources */,
			);
			runOnlyForDeploymentPostprocessing = 0;
		};
/* End PBXSourcesBuildPhase section */

/* Begin PBXTargetDependency section */
		D82345062820F9850032E751 /* PBXTargetDependency */ = {
			isa = PBXTargetDependency;
			target = D82344F32820F9830032E751 /* BillSplitter */;
			targetProxy = D82345052820F9850032E751 /* PBXContainerItemProxy */;
		};
		D82345102820F9850032E751 /* PBXTargetDependency */ = {
			isa = PBXTargetDependency;
			target = D82344F32820F9830032E751 /* BillSplitter */;
			targetProxy = D823450F2820F9850032E751 /* PBXContainerItemProxy */;
		};
/* End PBXTargetDependency section */

/* Begin XCBuildConfiguration section */
		D82345162820F9850032E751 /* Debug */ = {
			isa = XCBuildConfiguration;
			buildSettings = {
				ALWAYS_SEARCH_USER_PATHS = NO;
				CLANG_ANALYZER_NONNULL = YES;
				CLANG_ANALYZER_NUMBER_OBJECT_CONVERSION = YES_AGGRESSIVE;
				CLANG_CXX_LANGUAGE_STANDARD = "gnu++17";
				CLANG_ENABLE_MODULES = YES;
				CLANG_ENABLE_OBJC_ARC = YES;
				CLANG_ENABLE_OBJC_WEAK = YES;
				CLANG_WARN_BLOCK_CAPTURE_AUTORELEASING = YES;
				CLANG_WARN_BOOL_CONVERSION = YES;
				CLANG_WARN_COMMA = YES;
				CLANG_WARN_CONSTANT_CONVERSION = YES;
				CLANG_WARN_DEPRECATED_OBJC_IMPLEMENTATIONS = YES;
				CLANG_WARN_DIRECT_OBJC_ISA_USAGE = YES_ERROR;
				CLANG_WARN_DOCUMENTATION_COMMENTS = YES;
				CLANG_WARN_EMPTY_BODY = YES;
				CLANG_WARN_ENUM_CONVERSION = YES;
				CLANG_WARN_INFINITE_RECURSION = YES;
				CLANG_WARN_INT_CONVERSION = YES;
				CLANG_WARN_NON_LITERAL_NULL_CONVERSION = YES;
				CLANG_WARN_OBJC_IMPLICIT_RETAIN_SELF = YES;
				CLANG_WARN_OBJC_LITERAL_CONVERSION = YES;
				CLANG_WARN_OBJC_ROOT_CLASS = YES_ERROR;
				CLANG_WARN_QUOTED_INCLUDE_IN_FRAMEWORK_HEADER = YES;
				CLANG_WARN_RANGE_LOOP_ANALYSIS = YES;
				CLANG_WARN_STRICT_PROTOTYPES = YES;
				CLANG_WARN_SUSPICIOUS_MOVE = YES;
				CLANG_WARN_UNGUARDED_AVAILABILITY = YES_AGGRESSIVE;
				CLANG_WARN_UNREACHABLE_CODE = YES;
				CLANG_WARN__DUPLICATE_METHOD_MATCH = YES;
				COPY_PHASE_STRIP = NO;
				DEBUG_INFORMATION_FORMAT = dwarf;
				ENABLE_STRICT_OBJC_MSGSEND = YES;
				ENABLE_TESTABILITY = YES;
				GCC_C_LANGUAGE_STANDARD = gnu11;
				GCC_DYNAMIC_NO_PIC = NO;
				GCC_NO_COMMON_BLOCKS = YES;
				GCC_OPTIMIZATION_LEVEL = 0;
				GCC_PREPROCESSOR_DEFINITIONS = (
					"DEBUG=1",
					"$(inherited)",
				);
				GCC_WARN_64_TO_32_BIT_CONVERSION = YES;
				GCC_WARN_ABOUT_RETURN_TYPE = YES_ERROR;
				GCC_WARN_UNDECLARED_SELECTOR = YES;
				GCC_WARN_UNINITIALIZED_AUTOS = YES_AGGRESSIVE;
				GCC_WARN_UNUSED_FUNCTION = YES;
				GCC_WARN_UNUSED_VARIABLE = YES;
				IPHONEOS_DEPLOYMENT_TARGET = 15.4;
				MTL_ENABLE_DEBUG_INFO = INCLUDE_SOURCE;
				MTL_FAST_MATH = YES;
				ONLY_ACTIVE_ARCH = YES;
				SDKROOT = iphoneos;
				SWIFT_ACTIVE_COMPILATION_CONDITIONS = DEBUG;
				SWIFT_OPTIMIZATION_LEVEL = "-Onone";
			};
			name = Debug;
		};
		D82345172820F9850032E751 /* Release */ = {
			isa = XCBuildConfiguration;
			buildSettings = {
				ALWAYS_SEARCH_USER_PATHS = NO;
				CLANG_ANALYZER_NONNULL = YES;
				CLANG_ANALYZER_NUMBER_OBJECT_CONVERSION = YES_AGGRESSIVE;
				CLANG_CXX_LANGUAGE_STANDARD = "gnu++17";
				CLANG_ENABLE_MODULES = YES;
				CLANG_ENABLE_OBJC_ARC = YES;
				CLANG_ENABLE_OBJC_WEAK = YES;
				CLANG_WARN_BLOCK_CAPTURE_AUTORELEASING = YES;
				CLANG_WARN_BOOL_CONVERSION = YES;
				CLANG_WARN_COMMA = YES;
				CLANG_WARN_CONSTANT_CONVERSION = YES;
				CLANG_WARN_DEPRECATED_OBJC_IMPLEMENTATIONS = YES;
				CLANG_WARN_DIRECT_OBJC_ISA_USAGE = YES_ERROR;
				CLANG_WARN_DOCUMENTATION_COMMENTS = YES;
				CLANG_WARN_EMPTY_BODY = YES;
				CLANG_WARN_ENUM_CONVERSION = YES;
				CLANG_WARN_INFINITE_RECURSION = YES;
				CLANG_WARN_INT_CONVERSION = YES;
				CLANG_WARN_NON_LITERAL_NULL_CONVERSION = YES;
				CLANG_WARN_OBJC_IMPLICIT_RETAIN_SELF = YES;
				CLANG_WARN_OBJC_LITERAL_CONVERSION = YES;
				CLANG_WARN_OBJC_ROOT_CLASS = YES_ERROR;
				CLANG_WARN_QUOTED_INCLUDE_IN_FRAMEWORK_HEADER = YES;
				CLANG_WARN_RANGE_LOOP_ANALYSIS = YES;
				CLANG_WARN_STRICT_PROTOTYPES = YES;
				CLANG_WARN_SUSPICIOUS_MOVE = YES;
				CLANG_WARN_UNGUARDED_AVAILABILITY = YES_AGGRESSIVE;
				CLANG_WARN_UNREACHABLE_CODE = YES;
				CLANG_WARN__DUPLICATE_METHOD_MATCH = YES;
				COPY_PHASE_STRIP = NO;
				DEBUG_INFORMATION_FORMAT = "dwarf-with-dsym";
				ENABLE_NS_ASSERTIONS = NO;
				ENABLE_STRICT_OBJC_MSGSEND = YES;
				GCC_C_LANGUAGE_STANDARD = gnu11;
				GCC_NO_COMMON_BLOCKS = YES;
				GCC_WARN_64_TO_32_BIT_CONVERSION = YES;
				GCC_WARN_ABOUT_RETURN_TYPE = YES_ERROR;
				GCC_WARN_UNDECLARED_SELECTOR = YES;
				GCC_WARN_UNINITIALIZED_AUTOS = YES_AGGRESSIVE;
				GCC_WARN_UNUSED_FUNCTION = YES;
				GCC_WARN_UNUSED_VARIABLE = YES;
				IPHONEOS_DEPLOYMENT_TARGET = 15.4;
				MTL_ENABLE_DEBUG_INFO = NO;
				MTL_FAST_MATH = YES;
				SDKROOT = iphoneos;
				SWIFT_COMPILATION_MODE = wholemodule;
				SWIFT_OPTIMIZATION_LEVEL = "-O";
				VALIDATE_PRODUCT = YES;
			};
			name = Release;
		};
		D82345192820F9850032E751 /* Debug */ = {
			isa = XCBuildConfiguration;
			buildSettings = {
				ASSETCATALOG_COMPILER_APPICON_NAME = AppIcon;
				ASSETCATALOG_COMPILER_GLOBAL_ACCENT_COLOR_NAME = AccentColor;
				CODE_SIGN_STYLE = Automatic;
				CURRENT_PROJECT_VERSION = 1;
				DEVELOPMENT_ASSET_PATHS = "\"BillSplitter/Preview Content\"";
				DEVELOPMENT_TEAM = F967W6W646;
				ENABLE_PREVIEWS = YES;
				GENERATE_INFOPLIST_FILE = YES;
				INFOPLIST_KEY_UIApplicationSceneManifest_Generation = YES;
				INFOPLIST_KEY_UIApplicationSupportsIndirectInputEvents = YES;
				INFOPLIST_KEY_UILaunchScreen_Generation = YES;
				INFOPLIST_KEY_UISupportedInterfaceOrientations_iPad = "UIInterfaceOrientationPortrait UIInterfaceOrientationPortraitUpsideDown UIInterfaceOrientationLandscapeLeft UIInterfaceOrientationLandscapeRight";
				INFOPLIST_KEY_UISupportedInterfaceOrientations_iPhone = "UIInterfaceOrientationPortrait UIInterfaceOrientationLandscapeLeft UIInterfaceOrientationLandscapeRight";
				LD_RUNPATH_SEARCH_PATHS = (
					"$(inherited)",
					"@executable_path/Frameworks",
				);
				MARKETING_VERSION = 1.0;
				PRODUCT_BUNDLE_IDENTIFIER = com.nathan.BillSplitter;
				PRODUCT_NAME = "$(TARGET_NAME)";
				SWIFT_EMIT_LOC_STRINGS = YES;
				SWIFT_VERSION = 5.0;
				TARGETED_DEVICE_FAMILY = "1,2";
			};
			name = Debug;
		};
		D823451A2820F9850032E751 /* Release */ = {
			isa = XCBuildConfiguration;
			buildSettings = {
				ASSETCATALOG_COMPILER_APPICON_NAME = AppIcon;
				ASSETCATALOG_COMPILER_GLOBAL_ACCENT_COLOR_NAME = AccentColor;
				CODE_SIGN_STYLE = Automatic;
				CURRENT_PROJECT_VERSION = 1;
				DEVELOPMENT_ASSET_PATHS = "\"BillSplitter/Preview Content\"";
				DEVELOPMENT_TEAM = F967W6W646;
				ENABLE_PREVIEWS = YES;
				GENERATE_INFOPLIST_FILE = YES;
				INFOPLIST_KEY_UIApplicationSceneManifest_Generation = YES;
				INFOPLIST_KEY_UIApplicationSupportsIndirectInputEvents = YES;
				INFOPLIST_KEY_UILaunchScreen_Generation = YES;
				INFOPLIST_KEY_UISupportedInterfaceOrientations_iPad = "UIInterfaceOrientationPortrait UIInterfaceOrientationPortraitUpsideDown UIInterfaceOrientationLandscapeLeft UIInterfaceOrientationLandscapeRight";
				INFOPLIST_KEY_UISupportedInterfaceOrientations_iPhone = "UIInterfaceOrientationPortrait UIInterfaceOrientationLandscapeLeft UIInterfaceOrientationLandscapeRight";
				LD_RUNPATH_SEARCH_PATHS = (
					"$(inherited)",
					"@executable_path/Frameworks",
				);
				MARKETING_VERSION = 1.0;
				PRODUCT_BUNDLE_IDENTIFIER = com.nathan.BillSplitter;
				PRODUCT_NAME = "$(TARGET_NAME)";
				SWIFT_EMIT_LOC_STRINGS = YES;
				SWIFT_VERSION = 5.0;
				TARGETED_DEVICE_FAMILY = "1,2";
			};
			name = Release;
		};
		D823451C2820F9850032E751 /* Debug */ = {
			isa = XCBuildConfiguration;
			buildSettings = {
				ALWAYS_EMBED_SWIFT_STANDARD_LIBRARIES = YES;
				BUNDLE_LOADER = "$(TEST_HOST)";
				CODE_SIGN_STYLE = Automatic;
				CURRENT_PROJECT_VERSION = 1;
				DEVELOPMENT_TEAM = F967W6W646;
				GENERATE_INFOPLIST_FILE = YES;
				IPHONEOS_DEPLOYMENT_TARGET = 15.4;
				MARKETING_VERSION = 1.0;
				PRODUCT_BUNDLE_IDENTIFIER = com.nathan.BillSplitterTests;
				PRODUCT_NAME = "$(TARGET_NAME)";
				SWIFT_EMIT_LOC_STRINGS = NO;
				SWIFT_VERSION = 5.0;
				TARGETED_DEVICE_FAMILY = "1,2";
				TEST_HOST = "$(BUILT_PRODUCTS_DIR)/BillSplitter.app/BillSplitter";
			};
			name = Debug;
		};
		D823451D2820F9850032E751 /* Release */ = {
			isa = XCBuildConfiguration;
			buildSettings = {
				ALWAYS_EMBED_SWIFT_STANDARD_LIBRARIES = YES;
				BUNDLE_LOADER = "$(TEST_HOST)";
				CODE_SIGN_STYLE = Automatic;
				CURRENT_PROJECT_VERSION = 1;
				DEVELOPMENT_TEAM = F967W6W646;
				GENERATE_INFOPLIST_FILE = YES;
				IPHONEOS_DEPLOYMENT_TARGET = 15.4;
				MARKETING_VERSION = 1.0;
				PRODUCT_BUNDLE_IDENTIFIER = com.nathan.BillSplitterTests;
				PRODUCT_NAME = "$(TARGET_NAME)";
				SWIFT_EMIT_LOC_STRINGS = NO;
				SWIFT_VERSION = 5.0;
				TARGETED_DEVICE_FAMILY = "1,2";
				TEST_HOST = "$(BUILT_PRODUCTS_DIR)/BillSplitter.app/BillSplitter";
			};
			name = Release;
		};
		D823451F2820F9850032E751 /* Debug */ = {
			isa = XCBuildConfiguration;
			buildSettings = {
				ALWAYS_EMBED_SWIFT_STANDARD_LIBRARIES = YES;
				CODE_SIGN_STYLE = Automatic;
				CURRENT_PROJECT_VERSION = 1;
				DEVELOPMENT_TEAM = F967W6W646;
				GENERATE_INFOPLIST_FILE = YES;
				MARKETING_VERSION = 1.0;
				PRODUCT_BUNDLE_IDENTIFIER = com.nathan.BillSplitterUITests;
				PRODUCT_NAME = "$(TARGET_NAME)";
				SWIFT_EMIT_LOC_STRINGS = NO;
				SWIFT_VERSION = 5.0;
				TARGETED_DEVICE_FAMILY = "1,2";
				TEST_TARGET_NAME = BillSplitter;
			};
			name = Debug;
		};
		D82345202820F9850032E751 /* Release */ = {
			isa = XCBuildConfiguration;
			buildSettings = {
				ALWAYS_EMBED_SWIFT_STANDARD_LIBRARIES = YES;
				CODE_SIGN_STYLE = Automatic;
				CURRENT_PROJECT_VERSION = 1;
				DEVELOPMENT_TEAM = F967W6W646;
				GENERATE_INFOPLIST_FILE = YES;
				MARKETING_VERSION = 1.0;
				PRODUCT_BUNDLE_IDENTIFIER = com.nathan.BillSplitterUITests;
				PRODUCT_NAME = "$(TARGET_NAME)";
				SWIFT_EMIT_LOC_STRINGS = NO;
				SWIFT_VERSION = 5.0;
				TARGETED_DEVICE_FAMILY = "1,2";
				TEST_TARGET_NAME = BillSplitter;
			};
			name = Release;
		};
/* End XCBuildConfiguration section */

/* Begin XCConfigurationList section */
		D82344EF2820F9830032E751 /* Build configuration list for PBXProject "BillSplitter" */ = {
			isa = XCConfigurationList;
			buildConfigurations = (
				D82345162820F9850032E751 /* Debug */,
				D82345172820F9850032E751 /* Release */,
			);
			defaultConfigurationIsVisible = 0;
			defaultConfigurationName = Release;
		};
		D82345182820F9850032E751 /* Build configuration list for PBXNativeTarget "BillSplitter" */ = {
			isa = XCConfigurationList;
			buildConfigurations = (
				D82345192820F9850032E751 /* Debug */,
				D823451A2820F9850032E751 /* Release */,
			);
			defaultConfigurationIsVisible = 0;
			defaultConfigurationName = Release;
		};
		D823451B2820F9850032E751 /* Build configuration list for PBXNativeTarget "BillSplitterTests" */ = {
			isa = XCConfigurationList;
			buildConfigurations = (
				D823451C2820F9850032E751 /* Debug */,
				D823451D2820F9850032E751 /* Release */,
			);
			defaultConfigurationIsVisible = 0;
			defaultConfigurationName = Release;
		};
		D823451E2820F9850032E751 /* Build configuration list for PBXNativeTarget "BillSplitterUITests" */ = {
			isa = XCConfigurationList;
			buildConfigurations = (
				D823451F2820F9850032E751 /* Debug */,
				D82345202820F9850032E751 /* Release */,
			);
			defaultConfigurationIsVisible = 0;
			defaultConfigurationName = Release;
		};
/* End XCConfigurationList section */
	};
	rootObject = D82344EC2820F9830032E751 /* Project object */;
}
